// !$*UTF8*$!
{
	archiveVersion = 1;
	classes = {
	};
	objectVersion = 48;
	objects = {

/* Begin PBXBuildFile section */
		5437E51BFEF6D37F35EC3B0A /* Pods_csgo.framework in Frameworks */ = {isa = PBXBuildFile; fileRef = C825AD4579C3BF8A52B2E2CE /* Pods_csgo.framework */; };
		FA05E627209BE4E100B2D47D /* CollectionViewCell.swift in Sources */ = {isa = PBXBuildFile; fileRef = FA05E626209BE4E100B2D47D /* CollectionViewCell.swift */; };
		FA08FF4A20C579C900090962 /* CVCellOpenPic.swift in Sources */ = {isa = PBXBuildFile; fileRef = FA08FF4920C579C900090962 /* CVCellOpenPic.swift */; };
		FA08FF4C20C57ACB00090962 /* OpenPicDataManager.swift in Sources */ = {isa = PBXBuildFile; fileRef = FA08FF4B20C57ACB00090962 /* OpenPicDataManager.swift */; };
		FA1C81B020B42463009AF965 /* 9955.ttf in Resources */ = {isa = PBXBuildFile; fileRef = FA1C81AF20B42462009AF965 /* 9955.ttf */; };
		FA2531B2209F775A0093AFE2 /* VCInfo.swift in Sources */ = {isa = PBXBuildFile; fileRef = FA2531B1209F775A0093AFE2 /* VCInfo.swift */; };
		FA2531B4209F7B280093AFE2 /* DesignableButton.swift in Sources */ = {isa = PBXBuildFile; fileRef = FA2531B3209F7B280093AFE2 /* DesignableButton.swift */; };
		FA310890209C510B00C569C7 /* MenuDataManager.swift in Sources */ = {isa = PBXBuildFile; fileRef = FA31088F209C510B00C569C7 /* MenuDataManager.swift */; };
		FA310892209C5D4800C569C7 /* Reachability.swift in Sources */ = {isa = PBXBuildFile; fileRef = FA310891209C5D4800C569C7 /* Reachability.swift */; };
		FA310896209C800000C569C7 /* GalleryDataManager.swift in Sources */ = {isa = PBXBuildFile; fileRef = FA310895209C800000C569C7 /* GalleryDataManager.swift */; };
		FA310898209C99EB00C569C7 /* CVCellGallery.swift in Sources */ = {isa = PBXBuildFile; fileRef = FA310897209C99EB00C569C7 /* CVCellGallery.swift */; };
		FA8552F6209B41CE006288A7 /* AppDelegate.swift in Sources */ = {isa = PBXBuildFile; fileRef = FA8552F5209B41CE006288A7 /* AppDelegate.swift */; };
		FA8552F8209B41CE006288A7 /* ViewController.swift in Sources */ = {isa = PBXBuildFile; fileRef = FA8552F7209B41CE006288A7 /* ViewController.swift */; };
		FA8552FB209B41CE006288A7 /* Main.storyboard in Resources */ = {isa = PBXBuildFile; fileRef = FA8552F9209B41CE006288A7 /* Main.storyboard */; };
		FA8552FD209B41CE006288A7 /* Assets.xcassets in Resources */ = {isa = PBXBuildFile; fileRef = FA8552FC209B41CE006288A7 /* Assets.xcassets */; };
		FA855300209B41CE006288A7 /* LaunchScreen.storyboard in Resources */ = {isa = PBXBuildFile; fileRef = FA8552FE209B41CE006288A7 /* LaunchScreen.storyboard */; };
		FA855308209B8BCF006288A7 /* ViewControllerGallery.swift in Sources */ = {isa = PBXBuildFile; fileRef = FA855307209B8BCF006288A7 /* ViewControllerGallery.swift */; };
		FA8897E8209DE106003BC732 /* GoogleService-Info.plist in Resources */ = {isa = PBXBuildFile; fileRef = FA8897E7209DE106003BC732 /* GoogleService-Info.plist */; };
		FA93A0AB209CD8E900358BC2 /* OpenPictureVC.swift in Sources */ = {isa = PBXBuildFile; fileRef = FA93A0AA209CD8E900358BC2 /* OpenPictureVC.swift */; };
		FAB2559F20A060C300506C7F /* AdUnitData.swift in Sources */ = {isa = PBXBuildFile; fileRef = FAB2559E20A060C300506C7F /* AdUnitData.swift */; };
		FAC80D5020A4B938009CACE7 /* 11700.otf in Resources */ = {isa = PBXBuildFile; fileRef = FAC80D4F20A4B938009CACE7 /* 11700.otf */; };
/* End PBXBuildFile section */

/* Begin PBXFileReference section */
		C825AD4579C3BF8A52B2E2CE /* Pods_csgo.framework */ = {isa = PBXFileReference; explicitFileType = wrapper.framework; includeInIndex = 0; path = Pods_csgo.framework; sourceTree = BUILT_PRODUCTS_DIR; };
		D08B44A449AD9D1F4680E292 /* Pods-csgo.debug.xcconfig */ = {isa = PBXFileReference; includeInIndex = 1; lastKnownFileType = text.xcconfig; name = "Pods-csgo.debug.xcconfig"; path = "Pods/Target Support Files/Pods-csgo/Pods-csgo.debug.xcconfig"; sourceTree = "<group>"; };
		EFEBAC494A26CFEC917EC4C1 /* Pods-csgo.release.xcconfig */ = {isa = PBXFileReference; includeInIndex = 1; lastKnownFileType = text.xcconfig; name = "Pods-csgo.release.xcconfig"; path = "Pods/Target Support Files/Pods-csgo/Pods-csgo.release.xcconfig"; sourceTree = "<group>"; };
		FA05E626209BE4E100B2D47D /* CollectionViewCell.swift */ = {isa = PBXFileReference; lastKnownFileType = sourcecode.swift; path = CollectionViewCell.swift; sourceTree = "<group>"; };
		FA08FF4920C579C900090962 /* CVCellOpenPic.swift */ = {isa = PBXFileReference; lastKnownFileType = sourcecode.swift; path = CVCellOpenPic.swift; sourceTree = "<group>"; };
		FA08FF4B20C57ACB00090962 /* OpenPicDataManager.swift */ = {isa = PBXFileReference; lastKnownFileType = sourcecode.swift; path = OpenPicDataManager.swift; sourceTree = "<group>"; };
		FA1C81AF20B42462009AF965 /* 9955.ttf */ = {isa = PBXFileReference; lastKnownFileType = file; path = 9955.ttf; sourceTree = "<group>"; };
		FA2531B1209F775A0093AFE2 /* VCInfo.swift */ = {isa = PBXFileReference; lastKnownFileType = sourcecode.swift; path = VCInfo.swift; sourceTree = "<group>"; };
		FA2531B3209F7B280093AFE2 /* DesignableButton.swift */ = {isa = PBXFileReference; fileEncoding = 4; lastKnownFileType = sourcecode.swift; path = DesignableButton.swift; sourceTree = "<group>"; };
		FA31088F209C510B00C569C7 /* MenuDataManager.swift */ = {isa = PBXFileReference; lastKnownFileType = sourcecode.swift; path = MenuDataManager.swift; sourceTree = "<group>"; };
		FA310891209C5D4800C569C7 /* Reachability.swift */ = {isa = PBXFileReference; fileEncoding = 4; lastKnownFileType = sourcecode.swift; path = Reachability.swift; sourceTree = "<group>"; };
		FA310895209C800000C569C7 /* GalleryDataManager.swift */ = {isa = PBXFileReference; lastKnownFileType = sourcecode.swift; path = GalleryDataManager.swift; sourceTree = "<group>"; };
		FA310897209C99EB00C569C7 /* CVCellGallery.swift */ = {isa = PBXFileReference; lastKnownFileType = sourcecode.swift; path = CVCellGallery.swift; sourceTree = "<group>"; };
		FA5AF65D20C55DC6001A83E2 /* csgo-Bridging-Header.h */ = {isa = PBXFileReference; lastKnownFileType = sourcecode.c.h; path = "csgo-Bridging-Header.h"; sourceTree = "<group>"; };
		FA8552F2209B41CE006288A7 /* csgo.app */ = {isa = PBXFileReference; explicitFileType = wrapper.application; includeInIndex = 0; path = csgo.app; sourceTree = BUILT_PRODUCTS_DIR; };
		FA8552F5209B41CE006288A7 /* AppDelegate.swift */ = {isa = PBXFileReference; lastKnownFileType = sourcecode.swift; path = AppDelegate.swift; sourceTree = "<group>"; };
		FA8552F7209B41CE006288A7 /* ViewController.swift */ = {isa = PBXFileReference; lastKnownFileType = sourcecode.swift; path = ViewController.swift; sourceTree = "<group>"; };
		FA8552FA209B41CE006288A7 /* Base */ = {isa = PBXFileReference; lastKnownFileType = file.storyboard; name = Base; path = Base.lproj/Main.storyboard; sourceTree = "<group>"; };
		FA8552FC209B41CE006288A7 /* Assets.xcassets */ = {isa = PBXFileReference; lastKnownFileType = folder.assetcatalog; path = Assets.xcassets; sourceTree = "<group>"; };
		FA8552FF209B41CE006288A7 /* Base */ = {isa = PBXFileReference; lastKnownFileType = file.storyboard; name = Base; path = Base.lproj/LaunchScreen.storyboard; sourceTree = "<group>"; };
		FA855301209B41CE006288A7 /* Info.plist */ = {isa = PBXFileReference; lastKnownFileType = text.plist.xml; path = Info.plist; sourceTree = "<group>"; };
		FA855307209B8BCF006288A7 /* ViewControllerGallery.swift */ = {isa = PBXFileReference; lastKnownFileType = sourcecode.swift; path = ViewControllerGallery.swift; sourceTree = "<group>"; };
		FA8897E7209DE106003BC732 /* GoogleService-Info.plist */ = {isa = PBXFileReference; fileEncoding = 4; lastKnownFileType = text.plist.xml; path = "GoogleService-Info.plist"; sourceTree = "<group>"; };
		FA93A0AA209CD8E900358BC2 /* OpenPictureVC.swift */ = {isa = PBXFileReference; lastKnownFileType = sourcecode.swift; path = OpenPictureVC.swift; sourceTree = "<group>"; };
		FAB2559E20A060C300506C7F /* AdUnitData.swift */ = {isa = PBXFileReference; lastKnownFileType = sourcecode.swift; path = AdUnitData.swift; sourceTree = "<group>"; };
		FAC80D4F20A4B938009CACE7 /* 11700.otf */ = {isa = PBXFileReference; lastKnownFileType = file; path = 11700.otf; sourceTree = "<group>"; };
/* End PBXFileReference section */

/* Begin PBXFrameworksBuildPhase section */
		FA8552EF209B41CE006288A7 /* Frameworks */ = {
			isa = PBXFrameworksBuildPhase;
			buildActionMask = 2147483647;
			files = (
				5437E51BFEF6D37F35EC3B0A /* Pods_csgo.framework in Frameworks */,
			);
			runOnlyForDeploymentPostprocessing = 0;
		};
/* End PBXFrameworksBuildPhase section */

/* Begin PBXGroup section */
		678E328766A9E887D8DB0785 /* Frameworks */ = {
			isa = PBXGroup;
			children = (
				C825AD4579C3BF8A52B2E2CE /* Pods_csgo.framework */,
			);
			name = Frameworks;
			sourceTree = "<group>";
		};
		EF3D4856F86AD58834C6A48C /* Pods */ = {
			isa = PBXGroup;
			children = (
				D08B44A449AD9D1F4680E292 /* Pods-csgo.debug.xcconfig */,
				EFEBAC494A26CFEC917EC4C1 /* Pods-csgo.release.xcconfig */,
			);
			name = Pods;
			sourceTree = "<group>";
		};
		FA05E628209BE5B800B2D47D /* Menu */ = {
			isa = PBXGroup;
			children = (
				FA8552F7209B41CE006288A7 /* ViewController.swift */,
				FA05E626209BE4E100B2D47D /* CollectionViewCell.swift */,
				FA31088F209C510B00C569C7 /* MenuDataManager.swift */,
			);
			path = Menu;
			sourceTree = "<group>";
		};
		FA08FF4620C5794200090962 /* OpenPic */ = {
			isa = PBXGroup;
			children = (
				FA93A0AA209CD8E900358BC2 /* OpenPictureVC.swift */,
				FA08FF4920C579C900090962 /* CVCellOpenPic.swift */,
				FA08FF4B20C57ACB00090962 /* OpenPicDataManager.swift */,
			);
			path = OpenPic;
			sourceTree = "<group>";
		};
		FA310894209C7F2D00C569C7 /* PicturesGallery */ = {
			isa = PBXGroup;
			children = (
				FA855307209B8BCF006288A7 /* ViewControllerGallery.swift */,
				FA310897209C99EB00C569C7 /* CVCellGallery.swift */,
				FA310895209C800000C569C7 /* GalleryDataManager.swift */,
			);
			path = PicturesGallery;
			sourceTree = "<group>";
		};
		FA8552E9209B41CD006288A7 = {
			isa = PBXGroup;
			children = (
				FA8552F4209B41CE006288A7 /* csgo */,
				FA8552F3209B41CE006288A7 /* Products */,
				EF3D4856F86AD58834C6A48C /* Pods */,
				678E328766A9E887D8DB0785 /* Frameworks */,
			);
			sourceTree = "<group>";
		};
		FA8552F3209B41CE006288A7 /* Products */ = {
			isa = PBXGroup;
			children = (
				FA8552F2209B41CE006288A7 /* csgo.app */,
			);
			name = Products;
			sourceTree = "<group>";
		};
		FA8552F4209B41CE006288A7 /* csgo */ = {
			isa = PBXGroup;
			children = (
				FA8552F5209B41CE006288A7 /* AppDelegate.swift */,
				FAC80D4F20A4B938009CACE7 /* 11700.otf */,
				FA1C81AF20B42462009AF965 /* 9955.ttf */,
				FA310891209C5D4800C569C7 /* Reachability.swift */,
				FA2531B3209F7B280093AFE2 /* DesignableButton.swift */,
				FAB2559E20A060C300506C7F /* AdUnitData.swift */,
				FA05E628209BE5B800B2D47D /* Menu */,
				FA310894209C7F2D00C569C7 /* PicturesGallery */,
				FA08FF4620C5794200090962 /* OpenPic */,
				FA2531B1209F775A0093AFE2 /* VCInfo.swift */,
				FA8552F9209B41CE006288A7 /* Main.storyboard */,
				FA8552FC209B41CE006288A7 /* Assets.xcassets */,
				FA8552FE209B41CE006288A7 /* LaunchScreen.storyboard */,
				FA855301209B41CE006288A7 /* Info.plist */,
				FA8897E7209DE106003BC732 /* GoogleService-Info.plist */,
				FA5AF65D20C55DC6001A83E2 /* csgo-Bridging-Header.h */,
			);
			path = csgo;
			sourceTree = "<group>";
		};
/* End PBXGroup section */

/* Begin PBXNativeTarget section */
		FA8552F1209B41CE006288A7 /* csgo */ = {
			isa = PBXNativeTarget;
			buildConfigurationList = FA855304209B41CE006288A7 /* Build configuration list for PBXNativeTarget "csgo" */;
			buildPhases = (
				A7A754788AC11AA7C261BD84 /* [CP] Check Pods Manifest.lock */,
				FA8552EE209B41CE006288A7 /* Sources */,
				FA8552EF209B41CE006288A7 /* Frameworks */,
				FA8552F0209B41CE006288A7 /* Resources */,
				BC8A8CB8A81F338F95796CB3 /* [CP] Embed Pods Frameworks */,
				6CEE3F4BE8A401146D2EC7BB /* [CP] Copy Pods Resources */,
			);
			buildRules = (
			);
			dependencies = (
			);
			name = csgo;
			productName = csgo;
			productReference = FA8552F2209B41CE006288A7 /* csgo.app */;
			productType = "com.apple.product-type.application";
		};
/* End PBXNativeTarget section */

/* Begin PBXProject section */
		FA8552EA209B41CD006288A7 /* Project object */ = {
			isa = PBXProject;
			attributes = {
				LastSwiftUpdateCheck = 0920;
				LastUpgradeCheck = 0920;
				ORGANIZATIONNAME = "Анатолий Модестов";
				TargetAttributes = {
					FA8552F1209B41CE006288A7 = {
						CreatedOnToolsVersion = 9.2;
						LastSwiftMigration = 0920;
						ProvisioningStyle = Automatic;
						SystemCapabilities = {
							com.apple.BackgroundModes = {
								enabled = 0;
							};
						};
					};
				};
			};
			buildConfigurationList = FA8552ED209B41CD006288A7 /* Build configuration list for PBXProject "csgo" */;
			compatibilityVersion = "Xcode 8.0";
			developmentRegion = en;
			hasScannedForEncodings = 0;
			knownRegions = (
				en,
				Base,
			);
			mainGroup = FA8552E9209B41CD006288A7;
			productRefGroup = FA8552F3209B41CE006288A7 /* Products */;
			projectDirPath = "";
			projectRoot = "";
			targets = (
				FA8552F1209B41CE006288A7 /* csgo */,
			);
		};
/* End PBXProject section */

/* Begin PBXResourcesBuildPhase section */
		FA8552F0209B41CE006288A7 /* Resources */ = {
			isa = PBXResourcesBuildPhase;
			buildActionMask = 2147483647;
			files = (
				FA1C81B020B42463009AF965 /* 9955.ttf in Resources */,
				FA8897E8209DE106003BC732 /* GoogleService-Info.plist in Resources */,
				FA855300209B41CE006288A7 /* LaunchScreen.storyboard in Resources */,
				FAC80D5020A4B938009CACE7 /* 11700.otf in Resources */,
				FA8552FD209B41CE006288A7 /* Assets.xcassets in Resources */,
				FA8552FB209B41CE006288A7 /* Main.storyboard in Resources */,
			);
			runOnlyForDeploymentPostprocessing = 0;
		};
/* End PBXResourcesBuildPhase section */

/* Begin PBXShellScriptBuildPhase section */
		6CEE3F4BE8A401146D2EC7BB /* [CP] Copy Pods Resources */ = {
			isa = PBXShellScriptBuildPhase;
			buildActionMask = 12;
			files = (
			);
			inputPaths = (
			);
			name = "[CP] Copy Pods Resources";
			outputPaths = (
			);
			runOnlyForDeploymentPostprocessing = 0;
			shellPath = /bin/sh;
			shellScript = "\"${SRCROOT}/Pods/Target Support Files/Pods-csgo/Pods-csgo-resources.sh\"\n";
			showEnvVarsInLog = 0;
		};
		A7A754788AC11AA7C261BD84 /* [CP] Check Pods Manifest.lock */ = {
			isa = PBXShellScriptBuildPhase;
			buildActionMask = 2147483647;
			files = (
			);
			inputPaths = (
				"${PODS_PODFILE_DIR_PATH}/Podfile.lock",
				"${PODS_ROOT}/Manifest.lock",
			);
			name = "[CP] Check Pods Manifest.lock";
			outputPaths = (
				"$(DERIVED_FILE_DIR)/Pods-csgo-checkManifestLockResult.txt",
			);
			runOnlyForDeploymentPostprocessing = 0;
			shellPath = /bin/sh;
			shellScript = "diff \"${PODS_PODFILE_DIR_PATH}/Podfile.lock\" \"${PODS_ROOT}/Manifest.lock\" > /dev/null\nif [ $? != 0 ] ; then\n    # print error to STDERR\n    echo \"error: The sandbox is not in sync with the Podfile.lock. Run 'pod install' or update your CocoaPods installation.\" >&2\n    exit 1\nfi\n# This output is used by Xcode 'outputs' to avoid re-running this script phase.\necho \"SUCCESS\" > \"${SCRIPT_OUTPUT_FILE_0}\"\n";
			showEnvVarsInLog = 0;
		};
		BC8A8CB8A81F338F95796CB3 /* [CP] Embed Pods Frameworks */ = {
			isa = PBXShellScriptBuildPhase;
			buildActionMask = 2147483647;
			files = (
			);
			inputPaths = (
				"${SRCROOT}/Pods/Target Support Files/Pods-csgo/Pods-csgo-frameworks.sh",
				"${BUILT_PRODUCTS_DIR}/Alamofire/Alamofire.framework",
				"${BUILT_PRODUCTS_DIR}/GoogleToolboxForMac/GoogleToolboxForMac.framework",
				"${BUILT_PRODUCTS_DIR}/SDWebImage/SDWebImage.framework",
				"${BUILT_PRODUCTS_DIR}/SwiftyJSON/SwiftyJSON.framework",
				"${BUILT_PRODUCTS_DIR}/nanopb/nanopb.framework",
			);
			name = "[CP] Embed Pods Frameworks";
			outputPaths = (
				"${TARGET_BUILD_DIR}/${FRAMEWORKS_FOLDER_PATH}/Alamofire.framework",
				"${TARGET_BUILD_DIR}/${FRAMEWORKS_FOLDER_PATH}/GoogleToolboxForMac.framework",
				"${TARGET_BUILD_DIR}/${FRAMEWORKS_FOLDER_PATH}/SDWebImage.framework",
				"${TARGET_BUILD_DIR}/${FRAMEWORKS_FOLDER_PATH}/SwiftyJSON.framework",
				"${TARGET_BUILD_DIR}/${FRAMEWORKS_FOLDER_PATH}/nanopb.framework",
			);
			runOnlyForDeploymentPostprocessing = 0;
			shellPath = /bin/sh;
			shellScript = "\"${SRCROOT}/Pods/Target Support Files/Pods-csgo/Pods-csgo-frameworks.sh\"\n";
			showEnvVarsInLog = 0;
		};
/* End PBXShellScriptBuildPhase section */

/* Begin PBXSourcesBuildPhase section */
		FA8552EE209B41CE006288A7 /* Sources */ = {
			isa = PBXSourcesBuildPhase;
			buildActionMask = 2147483647;
			files = (
				FA855308209B8BCF006288A7 /* ViewControllerGallery.swift in Sources */,
				FA310890209C510B00C569C7 /* MenuDataManager.swift in Sources */,
				FA310892209C5D4800C569C7 /* Reachability.swift in Sources */,
				FA93A0AB209CD8E900358BC2 /* OpenPictureVC.swift in Sources */,
				FA8552F8209B41CE006288A7 /* ViewController.swift in Sources */,
				FA310896209C800000C569C7 /* GalleryDataManager.swift in Sources */,
				FAB2559F20A060C300506C7F /* AdUnitData.swift in Sources */,
				FA05E627209BE4E100B2D47D /* CollectionViewCell.swift in Sources */,
				FA08FF4C20C57ACB00090962 /* OpenPicDataManager.swift in Sources */,
				FA8552F6209B41CE006288A7 /* AppDelegate.swift in Sources */,
				FA310898209C99EB00C569C7 /* CVCellGallery.swift in Sources */,
				FA08FF4A20C579C900090962 /* CVCellOpenPic.swift in Sources */,
				FA2531B4209F7B280093AFE2 /* DesignableButton.swift in Sources */,
				FA2531B2209F775A0093AFE2 /* VCInfo.swift in Sources */,
			);
			runOnlyForDeploymentPostprocessing = 0;
		};
/* End PBXSourcesBuildPhase section */

/* Begin PBXVariantGroup section */
		FA8552F9209B41CE006288A7 /* Main.storyboard */ = {
			isa = PBXVariantGroup;
			children = (
				FA8552FA209B41CE006288A7 /* Base */,
			);
			name = Main.storyboard;
			sourceTree = "<group>";
		};
		FA8552FE209B41CE006288A7 /* LaunchScreen.storyboard */ = {
			isa = PBXVariantGroup;
			children = (
				FA8552FF209B41CE006288A7 /* Base */,
			);
			name = LaunchScreen.storyboard;
			sourceTree = "<group>";
		};
/* End PBXVariantGroup section */

/* Begin XCBuildConfiguration section */
		FA855302209B41CE006288A7 /* Debug */ = {
			isa = XCBuildConfiguration;
			buildSettings = {
				ALWAYS_SEARCH_USER_PATHS = NO;
				CLANG_ANALYZER_NONNULL = YES;
				CLANG_ANALYZER_NUMBER_OBJECT_CONVERSION = YES_AGGRESSIVE;
				CLANG_CXX_LANGUAGE_STANDARD = "gnu++14";
				CLANG_CXX_LIBRARY = "libc++";
				CLANG_ENABLE_MODULES = YES;
				CLANG_ENABLE_OBJC_ARC = YES;
				CLANG_WARN_BLOCK_CAPTURE_AUTORELEASING = YES;
				CLANG_WARN_BOOL_CONVERSION = YES;
				CLANG_WARN_COMMA = YES;
				CLANG_WARN_CONSTANT_CONVERSION = YES;
				CLANG_WARN_DIRECT_OBJC_ISA_USAGE = YES_ERROR;
				CLANG_WARN_DOCUMENTATION_COMMENTS = YES;
				CLANG_WARN_EMPTY_BODY = YES;
				CLANG_WARN_ENUM_CONVERSION = YES;
				CLANG_WARN_INFINITE_RECURSION = YES;
				CLANG_WARN_INT_CONVERSION = YES;
				CLANG_WARN_NON_LITERAL_NULL_CONVERSION = YES;
				CLANG_WARN_OBJC_LITERAL_CONVERSION = YES;
				CLANG_WARN_OBJC_ROOT_CLASS = YES_ERROR;
				CLANG_WARN_RANGE_LOOP_ANALYSIS = YES;
				CLANG_WARN_STRICT_PROTOTYPES = YES;
				CLANG_WARN_SUSPICIOUS_MOVE = YES;
				CLANG_WARN_UNGUARDED_AVAILABILITY = YES_AGGRESSIVE;
				CLANG_WARN_UNREACHABLE_CODE = YES;
				CLANG_WARN__DUPLICATE_METHOD_MATCH = YES;
				CODE_SIGN_IDENTITY = "iPhone Developer";
				COPY_PHASE_STRIP = NO;
				DEBUG_INFORMATION_FORMAT = dwarf;
				ENABLE_STRICT_OBJC_MSGSEND = YES;
				ENABLE_TESTABILITY = YES;
				GCC_C_LANGUAGE_STANDARD = gnu11;
				GCC_DYNAMIC_NO_PIC = NO;
				GCC_NO_COMMON_BLOCKS = YES;
				GCC_OPTIMIZATION_LEVEL = 0;
				GCC_PREPROCESSOR_DEFINITIONS = (
					"DEBUG=1",
					"$(inherited)",
				);
				GCC_WARN_64_TO_32_BIT_CONVERSION = YES;
				GCC_WARN_ABOUT_RETURN_TYPE = YES_ERROR;
				GCC_WARN_UNDECLARED_SELECTOR = YES;
				GCC_WARN_UNINITIALIZED_AUTOS = YES_AGGRESSIVE;
				GCC_WARN_UNUSED_FUNCTION = YES;
				GCC_WARN_UNUSED_VARIABLE = YES;
				IPHONEOS_DEPLOYMENT_TARGET = 10.0;
				MTL_ENABLE_DEBUG_INFO = YES;
				ONLY_ACTIVE_ARCH = YES;
				SDKROOT = iphoneos;
				SWIFT_ACTIVE_COMPILATION_CONDITIONS = DEBUG;
				SWIFT_OPTIMIZATION_LEVEL = "-Onone";
			};
			name = Debug;
		};
		FA855303209B41CE006288A7 /* Release */ = {
			isa = XCBuildConfiguration;
			buildSettings = {
				ALWAYS_SEARCH_USER_PATHS = NO;
				CLANG_ANALYZER_NONNULL = YES;
				CLANG_ANALYZER_NUMBER_OBJECT_CONVERSION = YES_AGGRESSIVE;
				CLANG_CXX_LANGUAGE_STANDARD = "gnu++14";
				CLANG_CXX_LIBRARY = "libc++";
				CLANG_ENABLE_MODULES = YES;
				CLANG_ENABLE_OBJC_ARC = YES;
				CLANG_WARN_BLOCK_CAPTURE_AUTORELEASING = YES;
				CLANG_WARN_BOOL_CONVERSION = YES;
				CLANG_WARN_COMMA = YES;
				CLANG_WARN_CONSTANT_CONVERSION = YES;
				CLANG_WARN_DIRECT_OBJC_ISA_USAGE = YES_ERROR;
				CLANG_WARN_DOCUMENTATION_COMMENTS = YES;
				CLANG_WARN_EMPTY_BODY = YES;
				CLANG_WARN_ENUM_CONVERSION = YES;
				CLANG_WARN_INFINITE_RECURSION = YES;
				CLANG_WARN_INT_CONVERSION = YES;
				CLANG_WARN_NON_LITERAL_NULL_CONVERSION = YES;
				CLANG_WARN_OBJC_LITERAL_CONVERSION = YES;
				CLANG_WARN_OBJC_ROOT_CLASS = YES_ERROR;
				CLANG_WARN_RANGE_LOOP_ANALYSIS = YES;
				CLANG_WARN_STRICT_PROTOTYPES = YES;
				CLANG_WARN_SUSPICIOUS_MOVE = YES;
				CLANG_WARN_UNGUARDED_AVAILABILITY = YES_AGGRESSIVE;
				CLANG_WARN_UNREACHABLE_CODE = YES;
				CLANG_WARN__DUPLICATE_METHOD_MATCH = YES;
				CODE_SIGN_IDENTITY = "iPhone Developer";
				COPY_PHASE_STRIP = NO;
				DEBUG_INFORMATION_FORMAT = "dwarf-with-dsym";
				ENABLE_NS_ASSERTIONS = NO;
				ENABLE_STRICT_OBJC_MSGSEND = YES;
				GCC_C_LANGUAGE_STANDARD = gnu11;
				GCC_NO_COMMON_BLOCKS = YES;
				GCC_WARN_64_TO_32_BIT_CONVERSION = YES;
				GCC_WARN_ABOUT_RETURN_TYPE = YES_ERROR;
				GCC_WARN_UNDECLARED_SELECTOR = YES;
				GCC_WARN_UNINITIALIZED_AUTOS = YES_AGGRESSIVE;
				GCC_WARN_UNUSED_FUNCTION = YES;
				GCC_WARN_UNUSED_VARIABLE = YES;
				IPHONEOS_DEPLOYMENT_TARGET = 10.0;
				MTL_ENABLE_DEBUG_INFO = NO;
				SDKROOT = iphoneos;
				SWIFT_OPTIMIZATION_LEVEL = "-Owholemodule";
				VALIDATE_PRODUCT = YES;
			};
			name = Release;
		};
		FA855305209B41CE006288A7 /* Debug */ = {
			isa = XCBuildConfiguration;
			baseConfigurationReference = D08B44A449AD9D1F4680E292 /* Pods-csgo.debug.xcconfig */;
			buildSettings = {
				ASSETCATALOG_COMPILER_APPICON_NAME = AppIcon;
				CLANG_ENABLE_MODULES = YES;
				CODE_SIGN_STYLE = Automatic;
				DEVELOPMENT_TEAM = TV745H5R48;
				INFOPLIST_FILE = csgo/Info.plist;
				LD_RUNPATH_SEARCH_PATHS = "$(inherited) @executable_path/Frameworks";
				PRODUCT_BUNDLE_IDENTIFIER = toli.csgo;
				PRODUCT_NAME = "$(TARGET_NAME)";
				SWIFT_OBJC_BRIDGING_HEADER = "csgo/csgo-Bridging-Header.h";
				SWIFT_OPTIMIZATION_LEVEL = "-Onone";
				SWIFT_VERSION = 4.0;
				TARGETED_DEVICE_FAMILY = "1,2";
			};
			name = Debug;
		};
		FA855306209B41CE006288A7 /* Release */ = {
			isa = XCBuildConfiguration;
			baseConfigurationReference = EFEBAC494A26CFEC917EC4C1 /* Pods-csgo.release.xcconfig */;
			buildSettings = {
				ASSETCATALOG_COMPILER_APPICON_NAME = AppIcon;
				CLANG_ENABLE_MODULES = YES;
				CODE_SIGN_STYLE = Automatic;
				DEVELOPMENT_TEAM = TV745H5R48;
				INFOPLIST_FILE = csgo/Info.plist;
				LD_RUNPATH_SEARCH_PATHS = "$(inherited) @executable_path/Frameworks";
				PRODUCT_BUNDLE_IDENTIFIER = toli.csgo;
				PRODUCT_NAME = "$(TARGET_NAME)";
				SWIFT_OBJC_BRIDGING_HEADER = "csgo/csgo-Bridging-Header.h";
				SWIFT_VERSION = 4.0;
				TARGETED_DEVICE_FAMILY = "1,2";
			};
			name = Release;
		};
/* End XCBuildConfiguration section */

/* Begin XCConfigurationList section */
		FA8552ED209B41CD006288A7 /* Build configuration list for PBXProject "csgo" */ = {
			isa = XCConfigurationList;
			buildConfigurations = (
				FA855302209B41CE006288A7 /* Debug */,
				FA855303209B41CE006288A7 /* Release */,
			);
			defaultConfigurationIsVisible = 0;
			defaultConfigurationName = Release;
		};
		FA855304209B41CE006288A7 /* Build configuration list for PBXNativeTarget "csgo" */ = {
			isa = XCConfigurationList;
			buildConfigurations = (
				FA855305209B41CE006288A7 /* Debug */,
				FA855306209B41CE006288A7 /* Release */,
			);
			defaultConfigurationIsVisible = 0;
			defaultConfigurationName = Release;
		};
/* End XCConfigurationList section */
	};
	rootObject = FA8552EA209B41CD006288A7 /* Project object */;
}
